// !$*UTF8*$!
{
	archiveVersion = 1;
	classes = {
	};
	objectVersion = 46;
	objects = {

/* Begin PBXBuildFile section */
		5C0040A31E45A661002F398D /* WebViewController.swift in Sources */ = {isa = PBXBuildFile; fileRef = 5C0040A21E45A661002F398D /* WebViewController.swift */; };
		5C53330C1E44FD36005585E9 /* MapKit.framework in Frameworks */ = {isa = PBXBuildFile; fileRef = 5C53330B1E44FD36005585E9 /* MapKit.framework */; };
		5C53330E1E450184005585E9 /* MapViewController.swift in Sources */ = {isa = PBXBuildFile; fileRef = 5C53330D1E450184005585E9 /* MapViewController.swift */; };
		5CAF43A91E3D775600CA38CE /* ConversionViewController.swift in Sources */ = {isa = PBXBuildFile; fileRef = 5CAF43A81E3D775600CA38CE /* ConversionViewController.swift */; };
		5CC27E741E36E608009A51E8 /* AppDelegate.swift in Sources */ = {isa = PBXBuildFile; fileRef = 5CC27E731E36E608009A51E8 /* AppDelegate.swift */; };
		5CC27E791E36E609009A51E8 /* Main.storyboard in Resources */ = {isa = PBXBuildFile; fileRef = 5CC27E771E36E609009A51E8 /* Main.storyboard */; };
		5CC27E7B1E36E609009A51E8 /* Assets.xcassets in Resources */ = {isa = PBXBuildFile; fileRef = 5CC27E7A1E36E609009A51E8 /* Assets.xcassets */; };
		5CC27E7E1E36E609009A51E8 /* LaunchScreen.storyboard in Resources */ = {isa = PBXBuildFile; fileRef = 5CC27E7C1E36E609009A51E8 /* LaunchScreen.storyboard */; };
		5CC27E891E36E609009A51E8 /* WorldTrotterTests.swift in Sources */ = {isa = PBXBuildFile; fileRef = 5CC27E881E36E609009A51E8 /* WorldTrotterTests.swift */; };
		5CC27E941E36E609009A51E8 /* WorldTrotterUITests.swift in Sources */ = {isa = PBXBuildFile; fileRef = 5CC27E931E36E609009A51E8 /* WorldTrotterUITests.swift */; };
/* End PBXBuildFile section */

/* Begin PBXContainerItemProxy section */
		5CC27E851E36E609009A51E8 /* PBXContainerItemProxy */ = {
			isa = PBXContainerItemProxy;
			containerPortal = 5CC27E681E36E608009A51E8 /* Project object */;
			proxyType = 1;
			remoteGlobalIDString = 5CC27E6F1E36E608009A51E8;
			remoteInfo = WorldTrotter;
		};
		5CC27E901E36E609009A51E8 /* PBXContainerItemProxy */ = {
			isa = PBXContainerItemProxy;
			containerPortal = 5CC27E681E36E608009A51E8 /* Project object */;
			proxyType = 1;
			remoteGlobalIDString = 5CC27E6F1E36E608009A51E8;
			remoteInfo = WorldTrotter;
		};
/* End PBXContainerItemProxy section */

/* Begin PBXFileReference section */
		5C0040A21E45A661002F398D /* WebViewController.swift */ = {isa = PBXFileReference; fileEncoding = 4; lastKnownFileType = sourcecode.swift; path = WebViewController.swift; sourceTree = "<group>"; };
		5C53330B1E44FD36005585E9 /* MapKit.framework */ = {isa = PBXFileReference; lastKnownFileType = wrapper.framework; name = MapKit.framework; path = System/Library/Frameworks/MapKit.framework; sourceTree = SDKROOT; };
		5C53330D1E450184005585E9 /* MapViewController.swift */ = {isa = PBXFileReference; fileEncoding = 4; lastKnownFileType = sourcecode.swift; path = MapViewController.swift; sourceTree = "<group>"; };
		5CAF43A81E3D775600CA38CE /* ConversionViewController.swift */ = {isa = PBXFileReference; fileEncoding = 4; lastKnownFileType = sourcecode.swift; path = ConversionViewController.swift; sourceTree = "<group>"; };
		5CC27E701E36E608009A51E8 /* WorldTrotter.app */ = {isa = PBXFileReference; explicitFileType = wrapper.application; includeInIndex = 0; path = WorldTrotter.app; sourceTree = BUILT_PRODUCTS_DIR; };
		5CC27E731E36E608009A51E8 /* AppDelegate.swift */ = {isa = PBXFileReference; lastKnownFileType = sourcecode.swift; path = AppDelegate.swift; sourceTree = "<group>"; };
		5CC27E781E36E609009A51E8 /* Base */ = {isa = PBXFileReference; lastKnownFileType = file.storyboard; name = Base; path = Base.lproj/Main.storyboard; sourceTree = "<group>"; };
		5CC27E7A1E36E609009A51E8 /* Assets.xcassets */ = {isa = PBXFileReference; lastKnownFileType = folder.assetcatalog; path = Assets.xcassets; sourceTree = "<group>"; };
		5CC27E7D1E36E609009A51E8 /* Base */ = {isa = PBXFileReference; lastKnownFileType = file.storyboard; name = Base; path = Base.lproj/LaunchScreen.storyboard; sourceTree = "<group>"; };
		5CC27E7F1E36E609009A51E8 /* Info.plist */ = {isa = PBXFileReference; lastKnownFileType = text.plist.xml; path = Info.plist; sourceTree = "<group>"; };
		5CC27E841E36E609009A51E8 /* WorldTrotterTests.xctest */ = {isa = PBXFileReference; explicitFileType = wrapper.cfbundle; includeInIndex = 0; path = WorldTrotterTests.xctest; sourceTree = BUILT_PRODUCTS_DIR; };
		5CC27E881E36E609009A51E8 /* WorldTrotterTests.swift */ = {isa = PBXFileReference; lastKnownFileType = sourcecode.swift; path = WorldTrotterTests.swift; sourceTree = "<group>"; };
		5CC27E8A1E36E609009A51E8 /* Info.plist */ = {isa = PBXFileReference; lastKnownFileType = text.plist.xml; path = Info.plist; sourceTree = "<group>"; };
		5CC27E8F1E36E609009A51E8 /* WorldTrotterUITests.xctest */ = {isa = PBXFileReference; explicitFileType = wrapper.cfbundle; includeInIndex = 0; path = WorldTrotterUITests.xctest; sourceTree = BUILT_PRODUCTS_DIR; };
		5CC27E931E36E609009A51E8 /* WorldTrotterUITests.swift */ = {isa = PBXFileReference; lastKnownFileType = sourcecode.swift; path = WorldTrotterUITests.swift; sourceTree = "<group>"; };
		5CC27E951E36E609009A51E8 /* Info.plist */ = {isa = PBXFileReference; lastKnownFileType = text.plist.xml; path = Info.plist; sourceTree = "<group>"; };
/* End PBXFileReference section */

/* Begin PBXFrameworksBuildPhase section */
		5CC27E6D1E36E608009A51E8 /* Frameworks */ = {
			isa = PBXFrameworksBuildPhase;
			buildActionMask = 2147483647;
			files = (
				5C53330C1E44FD36005585E9 /* MapKit.framework in Frameworks */,
			);
			runOnlyForDeploymentPostprocessing = 0;
		};
		5CC27E811E36E609009A51E8 /* Frameworks */ = {
			isa = PBXFrameworksBuildPhase;
			buildActionMask = 2147483647;
			files = (
			);
			runOnlyForDeploymentPostprocessing = 0;
		};
		5CC27E8C1E36E609009A51E8 /* Frameworks */ = {
			isa = PBXFrameworksBuildPhase;
			buildActionMask = 2147483647;
			files = (
			);
			runOnlyForDeploymentPostprocessing = 0;
		};
/* End PBXFrameworksBuildPhase section */

/* Begin PBXGroup section */
		5C53330A1E44FD36005585E9 /* Frameworks */ = {
			isa = PBXGroup;
			children = (
				5C53330B1E44FD36005585E9 /* MapKit.framework */,
			);
			name = Frameworks;
			sourceTree = "<group>";
		};
		5CC27E671E36E608009A51E8 = {
			isa = PBXGroup;
			children = (
				5CC27E721E36E608009A51E8 /* WorldTrotter */,
				5CC27E871E36E609009A51E8 /* WorldTrotterTests */,
				5CC27E921E36E609009A51E8 /* WorldTrotterUITests */,
				5CC27E711E36E608009A51E8 /* Products */,
				5C53330A1E44FD36005585E9 /* Frameworks */,
			);
			sourceTree = "<group>";
		};
		5CC27E711E36E608009A51E8 /* Products */ = {
			isa = PBXGroup;
			children = (
				5CC27E701E36E608009A51E8 /* WorldTrotter.app */,
				5CC27E841E36E609009A51E8 /* WorldTrotterTests.xctest */,
				5CC27E8F1E36E609009A51E8 /* WorldTrotterUITests.xctest */,
			);
			name = Products;
			sourceTree = "<group>";
		};
		5CC27E721E36E608009A51E8 /* WorldTrotter */ = {
			isa = PBXGroup;
			children = (
				5CC27E731E36E608009A51E8 /* AppDelegate.swift */,
				5CC27E7A1E36E609009A51E8 /* Assets.xcassets */,
				5CC27E7C1E36E609009A51E8 /* LaunchScreen.storyboard */,
				5CC27E7F1E36E609009A51E8 /* Info.plist */,
				5CC27E771E36E609009A51E8 /* Main.storyboard */,
				5C53330D1E450184005585E9 /* MapViewController.swift */,
				5C0040A21E45A661002F398D /* WebViewController.swift */,
				5CAF43A81E3D775600CA38CE /* ConversionViewController.swift */,
			);
			path = WorldTrotter;
			sourceTree = "<group>";
		};
		5CC27E871E36E609009A51E8 /* WorldTrotterTests */ = {
			isa = PBXGroup;
			children = (
				5CC27E881E36E609009A51E8 /* WorldTrotterTests.swift */,
				5CC27E8A1E36E609009A51E8 /* Info.plist */,
			);
			path = WorldTrotterTests;
			sourceTree = "<group>";
		};
		5CC27E921E36E609009A51E8 /* WorldTrotterUITests */ = {
			isa = PBXGroup;
			children = (
				5CC27E931E36E609009A51E8 /* WorldTrotterUITests.swift */,
				5CC27E951E36E609009A51E8 /* Info.plist */,
			);
			path = WorldTrotterUITests;
			sourceTree = "<group>";
		};
/* End PBXGroup section */

/* Begin PBXNativeTarget section */
		5CC27E6F1E36E608009A51E8 /* WorldTrotter */ = {
			isa = PBXNativeTarget;
			buildConfigurationList = 5CC27E981E36E609009A51E8 /* Build configuration list for PBXNativeTarget "WorldTrotter" */;
			buildPhases = (
				5CC27E6C1E36E608009A51E8 /* Sources */,
				5CC27E6D1E36E608009A51E8 /* Frameworks */,
				5CC27E6E1E36E608009A51E8 /* Resources */,
			);
			buildRules = (
			);
			dependencies = (
			);
			name = WorldTrotter;
			productName = WorldTrotter;
			productReference = 5CC27E701E36E608009A51E8 /* WorldTrotter.app */;
			productType = "com.apple.product-type.application";
		};
		5CC27E831E36E609009A51E8 /* WorldTrotterTests */ = {
			isa = PBXNativeTarget;
			buildConfigurationList = 5CC27E9B1E36E609009A51E8 /* Build configuration list for PBXNativeTarget "WorldTrotterTests" */;
			buildPhases = (
				5CC27E801E36E609009A51E8 /* Sources */,
				5CC27E811E36E609009A51E8 /* Frameworks */,
				5CC27E821E36E609009A51E8 /* Resources */,
			);
			buildRules = (
			);
			dependencies = (
				5CC27E861E36E609009A51E8 /* PBXTargetDependency */,
			);
			name = WorldTrotterTests;
			productName = WorldTrotterTests;
			productReference = 5CC27E841E36E609009A51E8 /* WorldTrotterTests.xctest */;
			productType = "com.apple.product-type.bundle.unit-test";
		};
		5CC27E8E1E36E609009A51E8 /* WorldTrotterUITests */ = {
			isa = PBXNativeTarget;
			buildConfigurationList = 5CC27E9E1E36E609009A51E8 /* Build configuration list for PBXNativeTarget "WorldTrotterUITests" */;
			buildPhases = (
				5CC27E8B1E36E609009A51E8 /* Sources */,
				5CC27E8C1E36E609009A51E8 /* Frameworks */,
				5CC27E8D1E36E609009A51E8 /* Resources */,
			);
			buildRules = (
			);
			dependencies = (
				5CC27E911E36E609009A51E8 /* PBXTargetDependency */,
			);
			name = WorldTrotterUITests;
			productName = WorldTrotterUITests;
			productReference = 5CC27E8F1E36E609009A51E8 /* WorldTrotterUITests.xctest */;
			productType = "com.apple.product-type.bundle.ui-testing";
		};
/* End PBXNativeTarget section */

/* Begin PBXProject section */
		5CC27E681E36E608009A51E8 /* Project object */ = {
			isa = PBXProject;
			attributes = {
				LastSwiftUpdateCheck = 0820;
				LastUpgradeCheck = 0820;
				ORGANIZATIONNAME = Test;
				TargetAttributes = {
					5CC27E6F1E36E608009A51E8 = {
						CreatedOnToolsVersion = 8.2.1;
						ProvisioningStyle = Automatic;
					};
					5CC27E831E36E609009A51E8 = {
						CreatedOnToolsVersion = 8.2.1;
						ProvisioningStyle = Automatic;
						TestTargetID = 5CC27E6F1E36E608009A51E8;
					};
					5CC27E8E1E36E609009A51E8 = {
						CreatedOnToolsVersion = 8.2.1;
						ProvisioningStyle = Automatic;
						TestTargetID = 5CC27E6F1E36E608009A51E8;
					};
				};
			};
			buildConfigurationList = 5CC27E6B1E36E608009A51E8 /* Build configuration list for PBXProject "WorldTrotter" */;
			compatibilityVersion = "Xcode 3.2";
			developmentRegion = English;
			hasScannedForEncodings = 0;
			knownRegions = (
				en,
				Base,
			);
			mainGroup = 5CC27E671E36E608009A51E8;
			productRefGroup = 5CC27E711E36E608009A51E8 /* Products */;
			projectDirPath = "";
			projectRoot = "";
			targets = (
				5CC27E6F1E36E608009A51E8 /* WorldTrotter */,
				5CC27E831E36E609009A51E8 /* WorldTrotterTests */,
				5CC27E8E1E36E609009A51E8 /* WorldTrotterUITests */,
			);
		};
/* End PBXProject section */

/* Begin PBXResourcesBuildPhase section */
		5CC27E6E1E36E608009A51E8 /* Resources */ = {
			isa = PBXResourcesBuildPhase;
			buildActionMask = 2147483647;
			files = (
				5CC27E7E1E36E609009A51E8 /* LaunchScreen.storyboard in Resources */,
				5CC27E7B1E36E609009A51E8 /* Assets.xcassets in Resources */,
				5CC27E791E36E609009A51E8 /* Main.storyboard in Resources */,
			);
			runOnlyForDeploymentPostprocessing = 0;
		};
		5CC27E821E36E609009A51E8 /* Resources */ = {
			isa = PBXResourcesBuildPhase;
			buildActionMask = 2147483647;
			files = (
			);
			runOnlyForDeploymentPostprocessing = 0;
		};
		5CC27E8D1E36E609009A51E8 /* Resources */ = {
			isa = PBXResourcesBuildPhase;
			buildActionMask = 2147483647;
			files = (
			);
			runOnlyForDeploymentPostprocessing = 0;
		};
/* End PBXResourcesBuildPhase section */

/* Begin PBXSourcesBuildPhase section */
		5CC27E6C1E36E608009A51E8 /* Sources */ = {
			isa = PBXSourcesBuildPhase;
			buildActionMask = 2147483647;
			files = (
				5CAF43A91E3D775600CA38CE /* ConversionViewController.swift in Sources */,
				5C53330E1E450184005585E9 /* MapViewController.swift in Sources */,
				5CC27E741E36E608009A51E8 /* AppDelegate.swift in Sources */,
				5C0040A31E45A661002F398D /* WebViewController.swift in Sources */,
			);
			runOnlyForDeploymentPostprocessing = 0;
		};
		5CC27E801E36E609009A51E8 /* Sources */ = {
			isa = PBXSourcesBuildPhase;
			buildActionMask = 2147483647;
			files = (
				5CC27E891E36E609009A51E8 /* WorldTrotterTests.swift in Sources */,
			);
			runOnlyForDeploymentPostprocessing = 0;
		};
		5CC27E8B1E36E609009A51E8 /* Sources */ = {
			isa = PBXSourcesBuildPhase;
			buildActionMask = 2147483647;
			files = (
				5CC27E941E36E609009A51E8 /* WorldTrotterUITests.swift in Sources */,
			);
			runOnlyForDeploymentPostprocessing = 0;
		};
/* End PBXSourcesBuildPhase section */

/* Begin PBXTargetDependency section */
		5CC27E861E36E609009A51E8 /* PBXTargetDependency */ = {
			isa = PBXTargetDependency;
			target = 5CC27E6F1E36E608009A51E8 /* WorldTrotter */;
			targetProxy = 5CC27E851E36E609009A51E8 /* PBXContainerItemProxy */;
		};
		5CC27E911E36E609009A51E8 /* PBXTargetDependency */ = {
			isa = PBXTargetDependency;
			target = 5CC27E6F1E36E608009A51E8 /* WorldTrotter */;
			targetProxy = 5CC27E901E36E609009A51E8 /* PBXContainerItemProxy */;
		};
/* End PBXTargetDependency section */

/* Begin PBXVariantGroup section */
		5CC27E771E36E609009A51E8 /* Main.storyboard */ = {
			isa = PBXVariantGroup;
			children = (
				5CC27E781E36E609009A51E8 /* Base */,
			);
			name = Main.storyboard;
			sourceTree = "<group>";
		};
		5CC27E7C1E36E609009A51E8 /* LaunchScreen.storyboard */ = {
			isa = PBXVariantGroup;
			children = (
				5CC27E7D1E36E609009A51E8 /* Base */,
			);
			name = LaunchScreen.storyboard;
			sourceTree = "<group>";
		};
/* End PBXVariantGroup section */

/* Begin XCBuildConfiguration section */
		5CC27E961E36E609009A51E8 /* Debug */ = {
			isa = XCBuildConfiguration;
			buildSettings = {
				ALWAYS_SEARCH_USER_PATHS = NO;
				CLANG_ANALYZER_NONNULL = YES;
				CLANG_CXX_LANGUAGE_STANDARD = "gnu++0x";
				CLANG_CXX_LIBRARY = "libc++";
				CLANG_ENABLE_MODULES = YES;
				CLANG_ENABLE_OBJC_ARC = YES;
				CLANG_WARN_BOOL_CONVERSION = YES;
				CLANG_WARN_CONSTANT_CONVERSION = YES;
				CLANG_WARN_DIRECT_OBJC_ISA_USAGE = YES_ERROR;
				CLANG_WARN_DOCUMENTATION_COMMENTS = YES;
				CLANG_WARN_EMPTY_BODY = YES;
				CLANG_WARN_ENUM_CONVERSION = YES;
				CLANG_WARN_INFINITE_RECURSION = YES;
				CLANG_WARN_INT_CONVERSION = YES;
				CLANG_WARN_OBJC_ROOT_CLASS = YES_ERROR;
				CLANG_WARN_SUSPICIOUS_MOVE = YES;
				CLANG_WARN_UNREACHABLE_CODE = YES;
				CLANG_WARN__DUPLICATE_METHOD_MATCH = YES;
				"CODE_SIGN_IDENTITY[sdk=iphoneos*]" = "iPhone Developer";
				COPY_PHASE_STRIP = NO;
				DEBUG_INFORMATION_FORMAT = dwarf;
				ENABLE_STRICT_OBJC_MSGSEND = YES;
				ENABLE_TESTABILITY = YES;
				GCC_C_LANGUAGE_STANDARD = gnu99;
				GCC_DYNAMIC_NO_PIC = NO;
				GCC_NO_COMMON_BLOCKS = YES;
				GCC_OPTIMIZATION_LEVEL = 0;
				GCC_PREPROCESSOR_DEFINITIONS = (
					"DEBUG=1",
					"$(inherited)",
				);
				GCC_WARN_64_TO_32_BIT_CONVERSION = YES;
				GCC_WARN_ABOUT_RETURN_TYPE = YES_ERROR;
				GCC_WARN_UNDECLARED_SELECTOR = YES;
				GCC_WARN_UNINITIALIZED_AUTOS = YES_AGGRESSIVE;
				GCC_WARN_UNUSED_FUNCTION = YES;
				GCC_WARN_UNUSED_VARIABLE = YES;
				IPHONEOS_DEPLOYMENT_TARGET = 10.2;
				MTL_ENABLE_DEBUG_INFO = YES;
				ONLY_ACTIVE_ARCH = YES;
				SDKROOT = iphoneos;
				SWIFT_ACTIVE_COMPILATION_CONDITIONS = DEBUG;
				SWIFT_OPTIMIZATION_LEVEL = "-Onone";
				TARGETED_DEVICE_FAMILY = "1,2";
			};
			name = Debug;
		};
		5CC27E971E36E609009A51E8 /* Release */ = {
			isa = XCBuildConfiguration;
			buildSettings = {
				ALWAYS_SEARCH_USER_PATHS = NO;
				CLANG_ANALYZER_NONNULL = YES;
				CLANG_CXX_LANGUAGE_STANDARD = "gnu++0x";
				CLANG_CXX_LIBRARY = "libc++";
				CLANG_ENABLE_MODULES = YES;
				CLANG_ENABLE_OBJC_ARC = YES;
				CLANG_WARN_BOOL_CONVERSION = YES;
				CLANG_WARN_CONSTANT_CONVERSION = YES;
				CLANG_WARN_DIRECT_OBJC_ISA_USAGE = YES_ERROR;
				CLANG_WARN_DOCUMENTATION_COMMENTS = YES;
				CLANG_WARN_EMPTY_BODY = YES;
				CLANG_WARN_ENUM_CONVERSION = YES;
				CLANG_WARN_INFINITE_RECURSION = YES;
				CLANG_WARN_INT_CONVERSION = YES;
				CLANG_WARN_OBJC_ROOT_CLASS = YES_ERROR;
				CLANG_WARN_SUSPICIOUS_MOVE = YES;
				CLANG_WARN_UNREACHABLE_CODE = YES;
				CLANG_WARN__DUPLICATE_METHOD_MATCH = YES;
				"CODE_SIGN_IDENTITY[sdk=iphoneos*]" = "iPhone Developer";
				COPY_PHASE_STRIP = NO;
				DEBUG_INFORMATION_FORMAT = "dwarf-with-dsym";
				ENABLE_NS_ASSERTIONS = NO;
				ENABLE_STRICT_OBJC_MSGSEND = YES;
				GCC_C_LANGUAGE_STANDARD = gnu99;
				GCC_NO_COMMON_BLOCKS = YES;
				GCC_WARN_64_TO_32_BIT_CONVERSION = YES;
				GCC_WARN_ABOUT_RETURN_TYPE = YES_ERROR;
				GCC_WARN_UNDECLARED_SELECTOR = YES;
				GCC_WARN_UNINITIALIZED_AUTOS = YES_AGGRESSIVE;
				GCC_WARN_UNUSED_FUNCTION = YES;
				GCC_WARN_UNUSED_VARIABLE = YES;
				IPHONEOS_DEPLOYMENT_TARGET = 10.2;
				MTL_ENABLE_DEBUG_INFO = NO;
				SDKROOT = iphoneos;
				SWIFT_OPTIMIZATION_LEVEL = "-Owholemodule";
				TARGETED_DEVICE_FAMILY = "1,2";
				VALIDATE_PRODUCT = YES;
			};
			name = Release;
		};
		5CC27E991E36E609009A51E8 /* Debug */ = {
			isa = XCBuildConfiguration;
			buildSettings = {
				ASSETCATALOG_COMPILER_APPICON_NAME = AppIcon;
				INFOPLIST_FILE = WorldTrotter/Info.plist;
				LD_RUNPATH_SEARCH_PATHS = "$(inherited) @executable_path/Frameworks";
				PRODUCT_BUNDLE_IDENTIFIER = com.projects.WorldTrotter;
				PRODUCT_NAME = "$(TARGET_NAME)";
				SWIFT_VERSION = 3.0;
			};
			name = Debug;
		};
		5CC27E9A1E36E609009A51E8 /* Release */ = {
			isa = XCBuildConfiguration;
			buildSettings = {
				ASSETCATALOG_COMPILER_APPICON_NAME = AppIcon;
				INFOPLIST_FILE = WorldTrotter/Info.plist;
				LD_RUNPATH_SEARCH_PATHS = "$(inherited) @executable_path/Frameworks";
				PRODUCT_BUNDLE_IDENTIFIER = com.projects.WorldTrotter;
				PRODUCT_NAME = "$(TARGET_NAME)";
				SWIFT_VERSION = 3.0;
			};
			name = Release;
		};
		5CC27E9C1E36E609009A51E8 /* Debug */ = {
			isa = XCBuildConfiguration;
			buildSettings = {
				ALWAYS_EMBED_SWIFT_STANDARD_LIBRARIES = YES;
				BUNDLE_LOADER = "$(TEST_HOST)";
				INFOPLIST_FILE = WorldTrotterTests/Info.plist;
				LD_RUNPATH_SEARCH_PATHS = "$(inherited) @executable_path/Frameworks @loader_path/Frameworks";
				PRODUCT_BUNDLE_IDENTIFIER = com.testQuiz.WorldTrotterTests;
				PRODUCT_NAME = "$(TARGET_NAME)";
				SWIFT_VERSION = 3.0;
				TEST_HOST = "$(BUILT_PRODUCTS_DIR)/WorldTrotter.app/WorldTrotter";
			};
			name = Debug;
		};
		5CC27E9D1E36E609009A51E8 /* Release */ = {
			isa = XCBuildConfiguration;
			buildSettings = {
				ALWAYS_EMBED_SWIFT_STANDARD_LIBRARIES = YES;
				BUNDLE_LOADER = "$(TEST_HOST)";
				INFOPLIST_FILE = WorldTrotterTests/Info.plist;
				LD_RUNPATH_SEARCH_PATHS = "$(inherited) @executable_path/Frameworks @loader_path/Frameworks";
				PRODUCT_BUNDLE_IDENTIFIER = com.testQuiz.WorldTrotterTests;
				PRODUCT_NAME = "$(TARGET_NAME)";
				SWIFT_VERSION = 3.0;
				TEST_HOST = "$(BUILT_PRODUCTS_DIR)/WorldTrotter.app/WorldTrotter";
			};
			name = Release;
		};
		5CC27E9F1E36E609009A51E8 /* Debug */ = {
			isa = XCBuildConfiguration;
			buildSettings = {
				ALWAYS_EMBED_SWIFT_STANDARD_LIBRARIES = YES;
				INFOPLIST_FILE = WorldTrotterUITests/Info.plist;
				LD_RUNPATH_SEARCH_PATHS = "$(inherited) @executable_path/Frameworks @loader_path/Frameworks";
				PRODUCT_BUNDLE_IDENTIFIER = com.testQuiz.WorldTrotterUITests;
				PRODUCT_NAME = "$(TARGET_NAME)";
				SWIFT_VERSION = 3.0;
				TEST_TARGET_NAME = WorldTrotter;
			};
			name = Debug;
		};
		5CC27EA01E36E609009A51E8 /* Release */ = {
			isa = XCBuildConfiguration;
			buildSettings = {
				ALWAYS_EMBED_SWIFT_STANDARD_LIBRARIES = YES;
				INFOPLIST_FILE = WorldTrotterUITests/Info.plist;
				LD_RUNPATH_SEARCH_PATHS = "$(inherited) @executable_path/Frameworks @loader_path/Frameworks";
				PRODUCT_BUNDLE_IDENTIFIER = com.testQuiz.WorldTrotterUITests;
				PRODUCT_NAME = "$(TARGET_NAME)";
				SWIFT_VERSION = 3.0;
				TEST_TARGET_NAME = WorldTrotter;
			};
			name = Release;
		};
/* End XCBuildConfiguration section */

/* Begin XCConfigurationList section */
		5CC27E6B1E36E608009A51E8 /* Build configuration list for PBXProject "WorldTrotter" */ = {
			isa = XCConfigurationList;
			buildConfigurations = (
				5CC27E961E36E609009A51E8 /* Debug */,
				5CC27E971E36E609009A51E8 /* Release */,
			);
			defaultConfigurationIsVisible = 0;
			defaultConfigurationName = Release;
		};
		5CC27E981E36E609009A51E8 /* Build configuration list for PBXNativeTarget "WorldTrotter" */ = {
			isa = XCConfigurationList;
			buildConfigurations = (
				5CC27E991E36E609009A51E8 /* Debug */,
				5CC27E9A1E36E609009A51E8 /* Release */,
			);
			defaultConfigurationIsVisible = 0;
			defaultConfigurationName = Release;
		};
		5CC27E9B1E36E609009A51E8 /* Build configuration list for PBXNativeTarget "WorldTrotterTests" */ = {
			isa = XCConfigurationList;
			buildConfigurations = (
				5CC27E9C1E36E609009A51E8 /* Debug */,
				5CC27E9D1E36E609009A51E8 /* Release */,
			);
			defaultConfigurationIsVisible = 0;
			defaultConfigurationName = Release;
		};
		5CC27E9E1E36E609009A51E8 /* Build configuration list for PBXNativeTarget "WorldTrotterUITests" */ = {
			isa = XCConfigurationList;
			buildConfigurations = (
				5CC27E9F1E36E609009A51E8 /* Debug */,
				5CC27EA01E36E609009A51E8 /* Release */,
			);
			defaultConfigurationIsVisible = 0;
			defaultConfigurationName = Release;
		};
/* End XCConfigurationList section */
	};
	rootObject = 5CC27E681E36E608009A51E8 /* Project object */;
}
